// !$*UTF8*$!
{
	archiveVersion = 1;
	classes = {
	};
	objectVersion = 50;
	objects = {

/* Begin PBXBuildFile section */
		43ABAA2E24DF2A4F007259C5 /* AppDelegate.swift in Sources */ = {isa = PBXBuildFile; fileRef = 43ABAA2D24DF2A4F007259C5 /* AppDelegate.swift */; };
		43ABAA3024DF2A4F007259C5 /* SceneDelegate.swift in Sources */ = {isa = PBXBuildFile; fileRef = 43ABAA2F24DF2A4F007259C5 /* SceneDelegate.swift */; };
		43ABAA3224DF2A4F007259C5 /* ContentView.swift in Sources */ = {isa = PBXBuildFile; fileRef = 43ABAA3124DF2A4F007259C5 /* ContentView.swift */; };
		43ABAA3424DF2A51007259C5 /* Assets.xcassets in Resources */ = {isa = PBXBuildFile; fileRef = 43ABAA3324DF2A51007259C5 /* Assets.xcassets */; };
		43ABAA3724DF2A51007259C5 /* Preview Assets.xcassets in Resources */ = {isa = PBXBuildFile; fileRef = 43ABAA3624DF2A51007259C5 /* Preview Assets.xcassets */; };
		43ABAA3A24DF2A51007259C5 /* LaunchScreen.storyboard in Resources */ = {isa = PBXBuildFile; fileRef = 43ABAA3824DF2A51007259C5 /* LaunchScreen.storyboard */; };
		43ABAA4524DF2A51007259C5 /* DemoProjectTests.swift in Sources */ = {isa = PBXBuildFile; fileRef = 43ABAA4424DF2A51007259C5 /* DemoProjectTests.swift */; };
		43ABAA5024DF2A51007259C5 /* DemoProjectUITests.swift in Sources */ = {isa = PBXBuildFile; fileRef = 43ABAA4F24DF2A51007259C5 /* DemoProjectUITests.swift */; };
/* End PBXBuildFile section */

/* Begin PBXContainerItemProxy section */
		43ABAA4124DF2A51007259C5 /* PBXContainerItemProxy */ = {
			isa = PBXContainerItemProxy;
			containerPortal = 43ABAA2224DF2A4F007259C5 /* Project object */;
			proxyType = 1;
			remoteGlobalIDString = 43ABAA2924DF2A4F007259C5;
			remoteInfo = DemoProject;
		};
		43ABAA4C24DF2A51007259C5 /* PBXContainerItemProxy */ = {
			isa = PBXContainerItemProxy;
			containerPortal = 43ABAA2224DF2A4F007259C5 /* Project object */;
			proxyType = 1;
			remoteGlobalIDString = 43ABAA2924DF2A4F007259C5;
			remoteInfo = DemoProject;
		};
/* End PBXContainerItemProxy section */

/* Begin PBXFileReference section */
		43ABAA2A24DF2A4F007259C5 /* DemoProject.app */ = {isa = PBXFileReference; explicitFileType = wrapper.application; includeInIndex = 0; path = DemoProject.app; sourceTree = BUILT_PRODUCTS_DIR; };
		43ABAA2D24DF2A4F007259C5 /* AppDelegate.swift */ = {isa = PBXFileReference; lastKnownFileType = sourcecode.swift; path = AppDelegate.swift; sourceTree = "<group>"; };
		43ABAA2F24DF2A4F007259C5 /* SceneDelegate.swift */ = {isa = PBXFileReference; lastKnownFileType = sourcecode.swift; path = SceneDelegate.swift; sourceTree = "<group>"; };
		43ABAA3124DF2A4F007259C5 /* ContentView.swift */ = {isa = PBXFileReference; lastKnownFileType = sourcecode.swift; path = ContentView.swift; sourceTree = "<group>"; };
		43ABAA3324DF2A51007259C5 /* Assets.xcassets */ = {isa = PBXFileReference; lastKnownFileType = folder.assetcatalog; path = Assets.xcassets; sourceTree = "<group>"; };
		43ABAA3624DF2A51007259C5 /* Preview Assets.xcassets */ = {isa = PBXFileReference; lastKnownFileType = folder.assetcatalog; path = "Preview Assets.xcassets"; sourceTree = "<group>"; };
		43ABAA3924DF2A51007259C5 /* Base */ = {isa = PBXFileReference; lastKnownFileType = file.storyboard; name = Base; path = Base.lproj/LaunchScreen.storyboard; sourceTree = "<group>"; };
		43ABAA3B24DF2A51007259C5 /* Info.plist */ = {isa = PBXFileReference; lastKnownFileType = text.plist.xml; path = Info.plist; sourceTree = "<group>"; };
		43ABAA4024DF2A51007259C5 /* DemoProjectTests.xctest */ = {isa = PBXFileReference; explicitFileType = wrapper.cfbundle; includeInIndex = 0; path = DemoProjectTests.xctest; sourceTree = BUILT_PRODUCTS_DIR; };
		43ABAA4424DF2A51007259C5 /* DemoProjectTests.swift */ = {isa = PBXFileReference; lastKnownFileType = sourcecode.swift; path = DemoProjectTests.swift; sourceTree = "<group>"; };
		43ABAA4624DF2A51007259C5 /* Info.plist */ = {isa = PBXFileReference; lastKnownFileType = text.plist.xml; path = Info.plist; sourceTree = "<group>"; };
		43ABAA4B24DF2A51007259C5 /* DemoProjectUITests.xctest */ = {isa = PBXFileReference; explicitFileType = wrapper.cfbundle; includeInIndex = 0; path = DemoProjectUITests.xctest; sourceTree = BUILT_PRODUCTS_DIR; };
		43ABAA4F24DF2A51007259C5 /* DemoProjectUITests.swift */ = {isa = PBXFileReference; lastKnownFileType = sourcecode.swift; path = DemoProjectUITests.swift; sourceTree = "<group>"; };
		43ABAA5124DF2A51007259C5 /* Info.plist */ = {isa = PBXFileReference; lastKnownFileType = text.plist.xml; path = Info.plist; sourceTree = "<group>"; };
/* End PBXFileReference section */

/* Begin PBXFrameworksBuildPhase section */
		43ABAA2724DF2A4F007259C5 /* Frameworks */ = {
			isa = PBXFrameworksBuildPhase;
			buildActionMask = 2147483647;
			files = (
			);
			runOnlyForDeploymentPostprocessing = 0;
		};
		43ABAA3D24DF2A51007259C5 /* Frameworks */ = {
			isa = PBXFrameworksBuildPhase;
			buildActionMask = 2147483647;
			files = (
			);
			runOnlyForDeploymentPostprocessing = 0;
		};
		43ABAA4824DF2A51007259C5 /* Frameworks */ = {
			isa = PBXFrameworksBuildPhase;
			buildActionMask = 2147483647;
			files = (
			);
			runOnlyForDeploymentPostprocessing = 0;
		};
/* End PBXFrameworksBuildPhase section */

/* Begin PBXGroup section */
		43ABAA2124DF2A4F007259C5 = {
			isa = PBXGroup;
			children = (
				43ABAA2C24DF2A4F007259C5 /* DemoProject */,
				43ABAA4324DF2A51007259C5 /* DemoProjectTests */,
				43ABAA4E24DF2A51007259C5 /* DemoProjectUITests */,
				43ABAA2B24DF2A4F007259C5 /* Products */,
			);
			sourceTree = "<group>";
		};
		43ABAA2B24DF2A4F007259C5 /* Products */ = {
			isa = PBXGroup;
			children = (
				43ABAA2A24DF2A4F007259C5 /* DemoProject.app */,
				43ABAA4024DF2A51007259C5 /* DemoProjectTests.xctest */,
				43ABAA4B24DF2A51007259C5 /* DemoProjectUITests.xctest */,
			);
			name = Products;
			sourceTree = "<group>";
		};
		43ABAA2C24DF2A4F007259C5 /* DemoProject */ = {
			isa = PBXGroup;
			children = (
				43ABAA2D24DF2A4F007259C5 /* AppDelegate.swift */,
				43ABAA2F24DF2A4F007259C5 /* SceneDelegate.swift */,
				43ABAA3124DF2A4F007259C5 /* ContentView.swift */,
				43ABAA3324DF2A51007259C5 /* Assets.xcassets */,
				43ABAA3824DF2A51007259C5 /* LaunchScreen.storyboard */,
				43ABAA3B24DF2A51007259C5 /* Info.plist */,
				43ABAA3524DF2A51007259C5 /* Preview Content */,
			);
			path = DemoProject;
			sourceTree = "<group>";
		};
		43ABAA3524DF2A51007259C5 /* Preview Content */ = {
			isa = PBXGroup;
			children = (
				43ABAA3624DF2A51007259C5 /* Preview Assets.xcassets */,
			);
			path = "Preview Content";
			sourceTree = "<group>";
		};
		43ABAA4324DF2A51007259C5 /* DemoProjectTests */ = {
			isa = PBXGroup;
			children = (
				43ABAA4424DF2A51007259C5 /* DemoProjectTests.swift */,
				43ABAA4624DF2A51007259C5 /* Info.plist */,
			);
			path = DemoProjectTests;
			sourceTree = "<group>";
		};
		43ABAA4E24DF2A51007259C5 /* DemoProjectUITests */ = {
			isa = PBXGroup;
			children = (
				43ABAA4F24DF2A51007259C5 /* DemoProjectUITests.swift */,
				43ABAA5124DF2A51007259C5 /* Info.plist */,
			);
			path = DemoProjectUITests;
			sourceTree = "<group>";
		};
/* End PBXGroup section */

/* Begin PBXNativeTarget section */
		43ABAA2924DF2A4F007259C5 /* DemoProject */ = {
			isa = PBXNativeTarget;
			buildConfigurationList = 43ABAA5424DF2A51007259C5 /* Build configuration list for PBXNativeTarget "DemoProject" */;
			buildPhases = (
				43ABAA2624DF2A4F007259C5 /* Sources */,
				43ABAA2724DF2A4F007259C5 /* Frameworks */,
				43ABAA2824DF2A4F007259C5 /* Resources */,
			);
			buildRules = (
			);
			dependencies = (
			);
			name = DemoProject;
			productName = DemoProject;
			productReference = 43ABAA2A24DF2A4F007259C5 /* DemoProject.app */;
			productType = "com.apple.product-type.application";
		};
		43ABAA3F24DF2A51007259C5 /* DemoProjectTests */ = {
			isa = PBXNativeTarget;
			buildConfigurationList = 43ABAA5724DF2A51007259C5 /* Build configuration list for PBXNativeTarget "DemoProjectTests" */;
			buildPhases = (
				43ABAA3C24DF2A51007259C5 /* Sources */,
				43ABAA3D24DF2A51007259C5 /* Frameworks */,
				43ABAA3E24DF2A51007259C5 /* Resources */,
			);
			buildRules = (
			);
			dependencies = (
				43ABAA4224DF2A51007259C5 /* PBXTargetDependency */,
			);
			name = DemoProjectTests;
			productName = DemoProjectTests;
			productReference = 43ABAA4024DF2A51007259C5 /* DemoProjectTests.xctest */;
			productType = "com.apple.product-type.bundle.unit-test";
		};
		43ABAA4A24DF2A51007259C5 /* DemoProjectUITests */ = {
			isa = PBXNativeTarget;
			buildConfigurationList = 43ABAA5A24DF2A51007259C5 /* Build configuration list for PBXNativeTarget "DemoProjectUITests" */;
			buildPhases = (
				43ABAA4724DF2A51007259C5 /* Sources */,
				43ABAA4824DF2A51007259C5 /* Frameworks */,
				43ABAA4924DF2A51007259C5 /* Resources */,
			);
			buildRules = (
			);
			dependencies = (
				43ABAA4D24DF2A51007259C5 /* PBXTargetDependency */,
			);
			name = DemoProjectUITests;
			productName = DemoProjectUITests;
			productReference = 43ABAA4B24DF2A51007259C5 /* DemoProjectUITests.xctest */;
			productType = "com.apple.product-type.bundle.ui-testing";
		};
/* End PBXNativeTarget section */

/* Begin PBXProject section */
		43ABAA2224DF2A4F007259C5 /* Project object */ = {
			isa = PBXProject;
			attributes = {
				LastSwiftUpdateCheck = 1160;
				LastUpgradeCheck = 1160;
				ORGANIZATIONNAME = "Михаил Милюша";
				TargetAttributes = {
					43ABAA2924DF2A4F007259C5 = {
						CreatedOnToolsVersion = 11.6;
					};
					43ABAA3F24DF2A51007259C5 = {
						CreatedOnToolsVersion = 11.6;
						TestTargetID = 43ABAA2924DF2A4F007259C5;
					};
					43ABAA4A24DF2A51007259C5 = {
						CreatedOnToolsVersion = 11.6;
						TestTargetID = 43ABAA2924DF2A4F007259C5;
					};
				};
			};
			buildConfigurationList = 43ABAA2524DF2A4F007259C5 /* Build configuration list for PBXProject "DemoProject" */;
			compatibilityVersion = "Xcode 9.3";
			developmentRegion = en;
			hasScannedForEncodings = 0;
			knownRegions = (
				en,
				Base,
			);
			mainGroup = 43ABAA2124DF2A4F007259C5;
			productRefGroup = 43ABAA2B24DF2A4F007259C5 /* Products */;
			projectDirPath = "";
			projectRoot = "";
			targets = (
				43ABAA2924DF2A4F007259C5 /* DemoProject */,
				43ABAA3F24DF2A51007259C5 /* DemoProjectTests */,
				43ABAA4A24DF2A51007259C5 /* DemoProjectUITests */,
			);
		};
/* End PBXProject section */

/* Begin PBXResourcesBuildPhase section */
		43ABAA2824DF2A4F007259C5 /* Resources */ = {
			isa = PBXResourcesBuildPhase;
			buildActionMask = 2147483647;
			files = (
				43ABAA3A24DF2A51007259C5 /* LaunchScreen.storyboard in Resources */,
				43ABAA3724DF2A51007259C5 /* Preview Assets.xcassets in Resources */,
				43ABAA3424DF2A51007259C5 /* Assets.xcassets in Resources */,
			);
			runOnlyForDeploymentPostprocessing = 0;
		};
		43ABAA3E24DF2A51007259C5 /* Resources */ = {
			isa = PBXResourcesBuildPhase;
			buildActionMask = 2147483647;
			files = (
			);
			runOnlyForDeploymentPostprocessing = 0;
		};
		43ABAA4924DF2A51007259C5 /* Resources */ = {
			isa = PBXResourcesBuildPhase;
			buildActionMask = 2147483647;
			files = (
			);
			runOnlyForDeploymentPostprocessing = 0;
		};
/* End PBXResourcesBuildPhase section */

/* Begin PBXSourcesBuildPhase section */
		43ABAA2624DF2A4F007259C5 /* Sources */ = {
			isa = PBXSourcesBuildPhase;
			buildActionMask = 2147483647;
			files = (
				43ABAA2E24DF2A4F007259C5 /* AppDelegate.swift in Sources */,
				43ABAA3024DF2A4F007259C5 /* SceneDelegate.swift in Sources */,
				43ABAA3224DF2A4F007259C5 /* ContentView.swift in Sources */,
			);
			runOnlyForDeploymentPostprocessing = 0;
		};
		43ABAA3C24DF2A51007259C5 /* Sources */ = {
			isa = PBXSourcesBuildPhase;
			buildActionMask = 2147483647;
			files = (
				43ABAA4524DF2A51007259C5 /* DemoProjectTests.swift in Sources */,
			);
			runOnlyForDeploymentPostprocessing = 0;
		};
		43ABAA4724DF2A51007259C5 /* Sources */ = {
			isa = PBXSourcesBuildPhase;
			buildActionMask = 2147483647;
			files = (
				43ABAA5024DF2A51007259C5 /* DemoProjectUITests.swift in Sources */,
			);
			runOnlyForDeploymentPostprocessing = 0;
		};
/* End PBXSourcesBuildPhase section */

/* Begin PBXTargetDependency section */
		43ABAA4224DF2A51007259C5 /* PBXTargetDependency */ = {
			isa = PBXTargetDependency;
			target = 43ABAA2924DF2A4F007259C5 /* DemoProject */;
			targetProxy = 43ABAA4124DF2A51007259C5 /* PBXContainerItemProxy */;
		};
		43ABAA4D24DF2A51007259C5 /* PBXTargetDependency */ = {
			isa = PBXTargetDependency;
			target = 43ABAA2924DF2A4F007259C5 /* DemoProject */;
			targetProxy = 43ABAA4C24DF2A51007259C5 /* PBXContainerItemProxy */;
		};
/* End PBXTargetDependency section */

/* Begin PBXVariantGroup section */
		43ABAA3824DF2A51007259C5 /* LaunchScreen.storyboard */ = {
			isa = PBXVariantGroup;
			children = (
				43ABAA3924DF2A51007259C5 /* Base */,
			);
			name = LaunchScreen.storyboard;
			sourceTree = "<group>";
		};
/* End PBXVariantGroup section */

/* Begin XCBuildConfiguration section */
		43ABAA5224DF2A51007259C5 /* Debug */ = {
			isa = XCBuildConfiguration;
			buildSettings = {
				ALWAYS_SEARCH_USER_PATHS = NO;
				CLANG_ANALYZER_NONNULL = YES;
				CLANG_ANALYZER_NUMBER_OBJECT_CONVERSION = YES_AGGRESSIVE;
				CLANG_CXX_LANGUAGE_STANDARD = "gnu++14";
				CLANG_CXX_LIBRARY = "libc++";
				CLANG_ENABLE_MODULES = YES;
				CLANG_ENABLE_OBJC_ARC = YES;
				CLANG_ENABLE_OBJC_WEAK = YES;
				CLANG_WARN_BLOCK_CAPTURE_AUTORELEASING = YES;
				CLANG_WARN_BOOL_CONVERSION = YES;
				CLANG_WARN_COMMA = YES;
				CLANG_WARN_CONSTANT_CONVERSION = YES;
				CLANG_WARN_DEPRECATED_OBJC_IMPLEMENTATIONS = YES;
				CLANG_WARN_DIRECT_OBJC_ISA_USAGE = YES_ERROR;
				CLANG_WARN_DOCUMENTATION_COMMENTS = YES;
				CLANG_WARN_EMPTY_BODY = YES;
				CLANG_WARN_ENUM_CONVERSION = YES;
				CLANG_WARN_INFINITE_RECURSION = YES;
				CLANG_WARN_INT_CONVERSION = YES;
				CLANG_WARN_NON_LITERAL_NULL_CONVERSION = YES;
				CLANG_WARN_OBJC_IMPLICIT_RETAIN_SELF = YES;
				CLANG_WARN_OBJC_LITERAL_CONVERSION = YES;
				CLANG_WARN_OBJC_ROOT_CLASS = YES_ERROR;
				CLANG_WARN_RANGE_LOOP_ANALYSIS = YES;
				CLANG_WARN_STRICT_PROTOTYPES = YES;
				CLANG_WARN_SUSPICIOUS_MOVE = YES;
				CLANG_WARN_UNGUARDED_AVAILABILITY = YES_AGGRESSIVE;
				CLANG_WARN_UNREACHABLE_CODE = YES;
				CLANG_WARN__DUPLICATE_METHOD_MATCH = YES;
				COPY_PHASE_STRIP = NO;
				DEBUG_INFORMATION_FORMAT = dwarf;
				ENABLE_STRICT_OBJC_MSGSEND = YES;
				ENABLE_TESTABILITY = YES;
				GCC_C_LANGUAGE_STANDARD = gnu11;
				GCC_DYNAMIC_NO_PIC = NO;
				GCC_NO_COMMON_BLOCKS = YES;
				GCC_OPTIMIZATION_LEVEL = 0;
				GCC_PREPROCESSOR_DEFINITIONS = (
					"DEBUG=1",
					"$(inherited)",
				);
				GCC_WARN_64_TO_32_BIT_CONVERSION = YES;
				GCC_WARN_ABOUT_RETURN_TYPE = YES_ERROR;
				GCC_WARN_UNDECLARED_SELECTOR = YES;
				GCC_WARN_UNINITIALIZED_AUTOS = YES_AGGRESSIVE;
				GCC_WARN_UNUSED_FUNCTION = YES;
				GCC_WARN_UNUSED_VARIABLE = YES;
				IPHONEOS_DEPLOYMENT_TARGET = 13.6;
				MTL_ENABLE_DEBUG_INFO = INCLUDE_SOURCE;
				MTL_FAST_MATH = YES;
				ONLY_ACTIVE_ARCH = YES;
				SDKROOT = iphoneos;
				SWIFT_ACTIVE_COMPILATION_CONDITIONS = DEBUG;
				SWIFT_OPTIMIZATION_LEVEL = "-Onone";
			};
			name = Debug;
		};
		43ABAA5324DF2A51007259C5 /* Release */ = {
			isa = XCBuildConfiguration;
			buildSettings = {
				ALWAYS_SEARCH_USER_PATHS = NO;
				CLANG_ANALYZER_NONNULL = YES;
				CLANG_ANALYZER_NUMBER_OBJECT_CONVERSION = YES_AGGRESSIVE;
				CLANG_CXX_LANGUAGE_STANDARD = "gnu++14";
				CLANG_CXX_LIBRARY = "libc++";
				CLANG_ENABLE_MODULES = YES;
				CLANG_ENABLE_OBJC_ARC = YES;
				CLANG_ENABLE_OBJC_WEAK = YES;
				CLANG_WARN_BLOCK_CAPTURE_AUTORELEASING = YES;
				CLANG_WARN_BOOL_CONVERSION = YES;
				CLANG_WARN_COMMA = YES;
				CLANG_WARN_CONSTANT_CONVERSION = YES;
				CLANG_WARN_DEPRECATED_OBJC_IMPLEMENTATIONS = YES;
				CLANG_WARN_DIRECT_OBJC_ISA_USAGE = YES_ERROR;
				CLANG_WARN_DOCUMENTATION_COMMENTS = YES;
				CLANG_WARN_EMPTY_BODY = YES;
				CLANG_WARN_ENUM_CONVERSION = YES;
				CLANG_WARN_INFINITE_RECURSION = YES;
				CLANG_WARN_INT_CONVERSION = YES;
				CLANG_WARN_NON_LITERAL_NULL_CONVERSION = YES;
				CLANG_WARN_OBJC_IMPLICIT_RETAIN_SELF = YES;
				CLANG_WARN_OBJC_LITERAL_CONVERSION = YES;
				CLANG_WARN_OBJC_ROOT_CLASS = YES_ERROR;
				CLANG_WARN_RANGE_LOOP_ANALYSIS = YES;
				CLANG_WARN_STRICT_PROTOTYPES = YES;
				CLANG_WARN_SUSPICIOUS_MOVE = YES;
				CLANG_WARN_UNGUARDED_AVAILABILITY = YES_AGGRESSIVE;
				CLANG_WARN_UNREACHABLE_CODE = YES;
				CLANG_WARN__DUPLICATE_METHOD_MATCH = YES;
				COPY_PHASE_STRIP = NO;
				DEBUG_INFORMATION_FORMAT = "dwarf-with-dsym";
				ENABLE_NS_ASSERTIONS = NO;
				ENABLE_STRICT_OBJC_MSGSEND = YES;
				GCC_C_LANGUAGE_STANDARD = gnu11;
				GCC_NO_COMMON_BLOCKS = YES;
				GCC_WARN_64_TO_32_BIT_CONVERSION = YES;
				GCC_WARN_ABOUT_RETURN_TYPE = YES_ERROR;
				GCC_WARN_UNDECLARED_SELECTOR = YES;
				GCC_WARN_UNINITIALIZED_AUTOS = YES_AGGRESSIVE;
				GCC_WARN_UNUSED_FUNCTION = YES;
				GCC_WARN_UNUSED_VARIABLE = YES;
				IPHONEOS_DEPLOYMENT_TARGET = 13.6;
				MTL_ENABLE_DEBUG_INFO = NO;
				MTL_FAST_MATH = YES;
				SDKROOT = iphoneos;
				SWIFT_COMPILATION_MODE = wholemodule;
				SWIFT_OPTIMIZATION_LEVEL = "-O";
				VALIDATE_PRODUCT = YES;
			};
			name = Release;
		};
		43ABAA5524DF2A51007259C5 /* Debug */ = {
			isa = XCBuildConfiguration;
			buildSettings = {
				ASSETCATALOG_COMPILER_APPICON_NAME = AppIcon;
				CODE_SIGN_STYLE = Automatic;
				DEVELOPMENT_ASSET_PATHS = "\"DemoProject/Preview Content\"";
				ENABLE_PREVIEWS = YES;
				INFOPLIST_FILE = DemoProject/Info.plist;
				LD_RUNPATH_SEARCH_PATHS = (
					"$(inherited)",
					"@executable_path/Frameworks",
				);
				PRODUCT_BUNDLE_IDENTIFIER = test.DemoProject;
				PRODUCT_NAME = "$(TARGET_NAME)";
				SWIFT_VERSION = 5.0;
				TARGETED_DEVICE_FAMILY = "1,2";
			};
			name = Debug;
		};
		43ABAA5624DF2A51007259C5 /* Release */ = {
			isa = XCBuildConfiguration;
			buildSettings = {
				ASSETCATALOG_COMPILER_APPICON_NAME = AppIcon;
				CODE_SIGN_STYLE = Automatic;
				DEVELOPMENT_ASSET_PATHS = "\"DemoProject/Preview Content\"";
				ENABLE_PREVIEWS = YES;
				INFOPLIST_FILE = DemoProject/Info.plist;
				LD_RUNPATH_SEARCH_PATHS = (
					"$(inherited)",
					"@executable_path/Frameworks",
				);
				PRODUCT_BUNDLE_IDENTIFIER = test.DemoProject;
				PRODUCT_NAME = "$(TARGET_NAME)";
				SWIFT_VERSION = 5.0;
				TARGETED_DEVICE_FAMILY = "1,2";
			};
			name = Release;
		};
		43ABAA5824DF2A51007259C5 /* Debug */ = {
			isa = XCBuildConfiguration;
			buildSettings = {
				ALWAYS_EMBED_SWIFT_STANDARD_LIBRARIES = YES;
				BUNDLE_LOADER = "$(TEST_HOST)";
				CODE_SIGN_STYLE = Automatic;
				INFOPLIST_FILE = DemoProjectTests/Info.plist;
				IPHONEOS_DEPLOYMENT_TARGET = 13.6;
				LD_RUNPATH_SEARCH_PATHS = (
					"$(inherited)",
					"@executable_path/Frameworks",
					"@loader_path/Frameworks",
				);
				PRODUCT_BUNDLE_IDENTIFIER = test.DemoProjectTests;
				PRODUCT_NAME = "$(TARGET_NAME)";
				SWIFT_VERSION = 5.0;
				TARGETED_DEVICE_FAMILY = "1,2";
				TEST_HOST = "$(BUILT_PRODUCTS_DIR)/DemoProject.app/DemoProject";
			};
			name = Debug;
		};
		43ABAA5924DF2A51007259C5 /* Release */ = {
			isa = XCBuildConfiguration;
			buildSettings = {
				ALWAYS_EMBED_SWIFT_STANDARD_LIBRARIES = YES;
				BUNDLE_LOADER = "$(TEST_HOST)";
				CODE_SIGN_STYLE = Automatic;
				INFOPLIST_FILE = DemoProjectTests/Info.plist;
				IPHONEOS_DEPLOYMENT_TARGET = 13.6;
				LD_RUNPATH_SEARCH_PATHS = (
					"$(inherited)",
					"@executable_path/Frameworks",
					"@loader_path/Frameworks",
				);
				PRODUCT_BUNDLE_IDENTIFIER = test.DemoProjectTests;
				PRODUCT_NAME = "$(TARGET_NAME)";
				SWIFT_VERSION = 5.0;
				TARGETED_DEVICE_FAMILY = "1,2";
				TEST_HOST = "$(BUILT_PRODUCTS_DIR)/DemoProject.app/DemoProject";
			};
			name = Release;
		};
		43ABAA5B24DF2A51007259C5 /* Debug */ = {
			isa = XCBuildConfiguration;
			buildSettings = {
				ALWAYS_EMBED_SWIFT_STANDARD_LIBRARIES = YES;
				CODE_SIGN_STYLE = Automatic;
				INFOPLIST_FILE = DemoProjectUITests/Info.plist;
				LD_RUNPATH_SEARCH_PATHS = (
					"$(inherited)",
					"@executable_path/Frameworks",
					"@loader_path/Frameworks",
				);
				PRODUCT_BUNDLE_IDENTIFIER = test.DemoProjectUITests;
				PRODUCT_NAME = "$(TARGET_NAME)";
				SWIFT_VERSION = 5.0;
				TARGETED_DEVICE_FAMILY = "1,2";
				TEST_TARGET_NAME = DemoProject;
			};
			name = Debug;
		};
		43ABAA5C24DF2A51007259C5 /* Release */ = {
			isa = XCBuildConfiguration;
			buildSettings = {
				ALWAYS_EMBED_SWIFT_STANDARD_LIBRARIES = YES;
				CODE_SIGN_STYLE = Automatic;
				INFOPLIST_FILE = DemoProjectUITests/Info.plist;
				LD_RUNPATH_SEARCH_PATHS = (
					"$(inherited)",
					"@executable_path/Frameworks",
					"@loader_path/Frameworks",
				);
				PRODUCT_BUNDLE_IDENTIFIER = test.DemoProjectUITests;
				PRODUCT_NAME = "$(TARGET_NAME)";
				SWIFT_VERSION = 5.0;
				TARGETED_DEVICE_FAMILY = "1,2";
				TEST_TARGET_NAME = DemoProject;
			};
			name = Release;
		};
/* End XCBuildConfiguration section */

/* Begin XCConfigurationList section */
		43ABAA2524DF2A4F007259C5 /* Build configuration list for PBXProject "DemoProject" */ = {
			isa = XCConfigurationList;
			buildConfigurations = (
				43ABAA5224DF2A51007259C5 /* Debug */,
				43ABAA5324DF2A51007259C5 /* Release */,
			);
			defaultConfigurationIsVisible = 0;
			defaultConfigurationName = Release;
		};
		43ABAA5424DF2A51007259C5 /* Build configuration list for PBXNativeTarget "DemoProject" */ = {
			isa = XCConfigurationList;
			buildConfigurations = (
				43ABAA5524DF2A51007259C5 /* Debug */,
				43ABAA5624DF2A51007259C5 /* Release */,
			);
			defaultConfigurationIsVisible = 0;
			defaultConfigurationName = Release;
		};
		43ABAA5724DF2A51007259C5 /* Build configuration list for PBXNativeTarget "DemoProjectTests" */ = {
			isa = XCConfigurationList;
			buildConfigurations = (
				43ABAA5824DF2A51007259C5 /* Debug */,
				43ABAA5924DF2A51007259C5 /* Release */,
			);
			defaultConfigurationIsVisible = 0;
			defaultConfigurationName = Release;
		};
		43ABAA5A24DF2A51007259C5 /* Build configuration list for PBXNativeTarget "DemoProjectUITests" */ = {
			isa = XCConfigurationList;
			buildConfigurations = (
				43ABAA5B24DF2A51007259C5 /* Debug */,
				43ABAA5C24DF2A51007259C5 /* Release */,
			);
			defaultConfigurationIsVisible = 0;
			defaultConfigurationName = Release;
		};
/* End XCConfigurationList section */
	};
	rootObject = 43ABAA2224DF2A4F007259C5 /* Project object */;
}
